Microsoft Visual Studio Solution File, Format Version 11.00
# Visual Studio 2008

Project("{8577EDB5-06B2-B365-4576-49132E4EB3E7}") = "UnityProjectTPDSAEV", "Assembly-CSharp.csproj", "{21DEC6AE-3FEA-DD70-FB69-3925387154EB}"
EndProject
Project("{8577EDB5-06B2-B365-4576-49132E4EB3E7}") = "UnityProjectTPDSAEV", "Assembly-CSharp-Editor.csproj", "{A37D49F4-44CC-5AD2-76EC-834EF85B39B9}"
EndProject
Global
	GlobalSection(SolutionConfigurationPlatforms) = preSolution
		Debug|Any CPU = Debug|Any CPU
		Release|Any CPU = Release|Any CPU
	EndGlobalSection
	GlobalSection(ProjectConfigurationPlatforms) = postSolution
		{21DEC6AE-3FEA-DD70-FB69-3925387154EB}.Debug|Any CPU.ActiveCfg = Debug|Any CPU
		{21DEC6AE-3FEA-DD70-FB69-3925387154EB}.Debug|Any CPU.Build.0 = Debug|Any CPU
		{21DEC6AE-3FEA-DD70-FB69-3925387154EB}.Release|Any CPU.ActiveCfg = Release|Any CPU
		{21DEC6AE-3FEA-DD70-FB69-3925387154EB}.Release|Any CPU.Build.0 = Release|Any CPU
		{A37D49F4-44CC-5AD2-76EC-834EF85B39B9}.Debug|Any CPU.ActiveCfg = Debug|Any CPU
		{A37D49F4-44CC-5AD2-76EC-834EF85B39B9}.Debug|Any CPU.Build.0 = Debug|Any CPU
		{A37D49F4-44CC-5AD2-76EC-834EF85B39B9}.Release|Any CPU.ActiveCfg = Release|Any CPU
		{A37D49F4-44CC-5AD2-76EC-834EF85B39B9}.Release|Any CPU.Build.0 = Release|Any CPU
	EndGlobalSection
	GlobalSection(SolutionProperties) = preSolution
		HideSolutionNode = FALSE
	EndGlobalSection
																				GlobalSection(MonoDevelopProperties) = preSolution
		StartupItem = Assembly-CSharp.csproj
		Policies = $0
		$0.TextStylePolicy = $1
		$1.inheritsSet = null
		$1.scope = text/x-csharp
		$0.CSharpFormattingPolicy = $2
		$2.inheritsSet = Mono
		$2.inheritsScope = text/x-csharp
		$2.scope = text/x-csharp
		$0.TextStylePolicy = $3
		$3.FileWidth = 120
		$3.TabWidth = 4
		$3.EolMarker = Unix
		$3.inheritsSet = Mono
		$3.inheritsScope = text/plain
		$3.scope = text/plain
	EndGlobalSection

EndGlobal
